// !$*UTF8*$!
{
	archiveVersion = 1;
	classes = {
	};
	objectVersion = 55;
	objects = {

/* Begin PBXBuildFile section */
		AFBB1495285A4A3D00AAE194 /* AppDelegate.m in Sources */ = {isa = PBXBuildFile; fileRef = AFBB1494285A4A3D00AAE194 /* AppDelegate.m */; };
		AFBB1498285A4A3D00AAE194 /* SceneDelegate.m in Sources */ = {isa = PBXBuildFile; fileRef = AFBB1497285A4A3D00AAE194 /* SceneDelegate.m */; };
		AFBB149B285A4A3D00AAE194 /* ViewController.m in Sources */ = {isa = PBXBuildFile; fileRef = AFBB149A285A4A3D00AAE194 /* ViewController.m */; };
		AFBB149E285A4A3D00AAE194 /* Main.storyboard in Resources */ = {isa = PBXBuildFile; fileRef = AFBB149C285A4A3D00AAE194 /* Main.storyboard */; };
		AFBB14A0285A4A3E00AAE194 /* Assets.xcassets in Resources */ = {isa = PBXBuildFile; fileRef = AFBB149F285A4A3E00AAE194 /* Assets.xcassets */; };
		AFBB14A3285A4A3E00AAE194 /* LaunchScreen.storyboard in Resources */ = {isa = PBXBuildFile; fileRef = AFBB14A1285A4A3E00AAE194 /* LaunchScreen.storyboard */; };
		AFBB14A6285A4A3E00AAE194 /* main.m in Sources */ = {isa = PBXBuildFile; fileRef = AFBB14A5285A4A3E00AAE194 /* main.m */; };
		AFBB14B0285A4A3F00AAE194 /* FlixterTests.m in Sources */ = {isa = PBXBuildFile; fileRef = AFBB14AF285A4A3F00AAE194 /* FlixterTests.m */; };
		AFBB14BA285A4A3F00AAE194 /* FlixterUITests.m in Sources */ = {isa = PBXBuildFile; fileRef = AFBB14B9285A4A3F00AAE194 /* FlixterUITests.m */; };
		AFBB14BC285A4A3F00AAE194 /* FlixterUITestsLaunchTests.m in Sources */ = {isa = PBXBuildFile; fileRef = AFBB14BB285A4A3F00AAE194 /* FlixterUITestsLaunchTests.m */; };
/* End PBXBuildFile section */

/* Begin PBXContainerItemProxy section */
		AFBB14AC285A4A3F00AAE194 /* PBXContainerItemProxy */ = {
			isa = PBXContainerItemProxy;
			containerPortal = AFBB1488285A4A3D00AAE194 /* Project object */;
			proxyType = 1;
			remoteGlobalIDString = AFBB148F285A4A3D00AAE194;
			remoteInfo = Flixter;
		};
		AFBB14B6285A4A3F00AAE194 /* PBXContainerItemProxy */ = {
			isa = PBXContainerItemProxy;
			containerPortal = AFBB1488285A4A3D00AAE194 /* Project object */;
			proxyType = 1;
			remoteGlobalIDString = AFBB148F285A4A3D00AAE194;
			remoteInfo = Flixter;
		};
/* End PBXContainerItemProxy section */

/* Begin PBXFileReference section */
		AFBB1490285A4A3D00AAE194 /* Flixter.app */ = {isa = PBXFileReference; explicitFileType = wrapper.application; includeInIndex = 0; path = Flixter.app; sourceTree = BUILT_PRODUCTS_DIR; };
		AFBB1493285A4A3D00AAE194 /* AppDelegate.h */ = {isa = PBXFileReference; lastKnownFileType = sourcecode.c.h; path = AppDelegate.h; sourceTree = "<group>"; };
		AFBB1494285A4A3D00AAE194 /* AppDelegate.m */ = {isa = PBXFileReference; lastKnownFileType = sourcecode.c.objc; path = AppDelegate.m; sourceTree = "<group>"; };
		AFBB1496285A4A3D00AAE194 /* SceneDelegate.h */ = {isa = PBXFileReference; lastKnownFileType = sourcecode.c.h; path = SceneDelegate.h; sourceTree = "<group>"; };
		AFBB1497285A4A3D00AAE194 /* SceneDelegate.m */ = {isa = PBXFileReference; lastKnownFileType = sourcecode.c.objc; path = SceneDelegate.m; sourceTree = "<group>"; };
		AFBB1499285A4A3D00AAE194 /* ViewController.h */ = {isa = PBXFileReference; lastKnownFileType = sourcecode.c.h; path = ViewController.h; sourceTree = "<group>"; };
		AFBB149A285A4A3D00AAE194 /* ViewController.m */ = {isa = PBXFileReference; lastKnownFileType = sourcecode.c.objc; path = ViewController.m; sourceTree = "<group>"; };
		AFBB149D285A4A3D00AAE194 /* Base */ = {isa = PBXFileReference; lastKnownFileType = file.storyboard; name = Base; path = Base.lproj/Main.storyboard; sourceTree = "<group>"; };
		AFBB149F285A4A3E00AAE194 /* Assets.xcassets */ = {isa = PBXFileReference; lastKnownFileType = folder.assetcatalog; path = Assets.xcassets; sourceTree = "<group>"; };
		AFBB14A2285A4A3E00AAE194 /* Base */ = {isa = PBXFileReference; lastKnownFileType = file.storyboard; name = Base; path = Base.lproj/LaunchScreen.storyboard; sourceTree = "<group>"; };
		AFBB14A4285A4A3E00AAE194 /* Info.plist */ = {isa = PBXFileReference; lastKnownFileType = text.plist.xml; path = Info.plist; sourceTree = "<group>"; };
		AFBB14A5285A4A3E00AAE194 /* main.m */ = {isa = PBXFileReference; lastKnownFileType = sourcecode.c.objc; path = main.m; sourceTree = "<group>"; };
		AFBB14AB285A4A3F00AAE194 /* FlixterTests.xctest */ = {isa = PBXFileReference; explicitFileType = wrapper.cfbundle; includeInIndex = 0; path = FlixterTests.xctest; sourceTree = BUILT_PRODUCTS_DIR; };
		AFBB14AF285A4A3F00AAE194 /* FlixterTests.m */ = {isa = PBXFileReference; lastKnownFileType = sourcecode.c.objc; path = FlixterTests.m; sourceTree = "<group>"; };
		AFBB14B5285A4A3F00AAE194 /* FlixterUITests.xctest */ = {isa = PBXFileReference; explicitFileType = wrapper.cfbundle; includeInIndex = 0; path = FlixterUITests.xctest; sourceTree = BUILT_PRODUCTS_DIR; };
		AFBB14B9285A4A3F00AAE194 /* FlixterUITests.m */ = {isa = PBXFileReference; lastKnownFileType = sourcecode.c.objc; path = FlixterUITests.m; sourceTree = "<group>"; };
		AFBB14BB285A4A3F00AAE194 /* FlixterUITestsLaunchTests.m */ = {isa = PBXFileReference; lastKnownFileType = sourcecode.c.objc; path = FlixterUITestsLaunchTests.m; sourceTree = "<group>"; };
/* End PBXFileReference section */

/* Begin PBXFrameworksBuildPhase section */
		AFBB148D285A4A3D00AAE194 /* Frameworks */ = {
			isa = PBXFrameworksBuildPhase;
			buildActionMask = 2147483647;
			files = (
			);
			runOnlyForDeploymentPostprocessing = 0;
		};
		AFBB14A8285A4A3F00AAE194 /* Frameworks */ = {
			isa = PBXFrameworksBuildPhase;
			buildActionMask = 2147483647;
			files = (
			);
			runOnlyForDeploymentPostprocessing = 0;
		};
		AFBB14B2285A4A3F00AAE194 /* Frameworks */ = {
			isa = PBXFrameworksBuildPhase;
			buildActionMask = 2147483647;
			files = (
			);
			runOnlyForDeploymentPostprocessing = 0;
		};
/* End PBXFrameworksBuildPhase section */

/* Begin PBXGroup section */
		AFBB1487285A4A3D00AAE194 = {
			isa = PBXGroup;
			children = (
				AFBB1492285A4A3D00AAE194 /* Flixter */,
				AFBB14AE285A4A3F00AAE194 /* FlixterTests */,
				AFBB14B8285A4A3F00AAE194 /* FlixterUITests */,
				AFBB1491285A4A3D00AAE194 /* Products */,
			);
			sourceTree = "<group>";
		};
		AFBB1491285A4A3D00AAE194 /* Products */ = {
			isa = PBXGroup;
			children = (
				AFBB1490285A4A3D00AAE194 /* Flixter.app */,
				AFBB14AB285A4A3F00AAE194 /* FlixterTests.xctest */,
				AFBB14B5285A4A3F00AAE194 /* FlixterUITests.xctest */,
			);
			name = Products;
			sourceTree = "<group>";
		};
		AFBB1492285A4A3D00AAE194 /* Flixter */ = {
			isa = PBXGroup;
			children = (
				AFBB1493285A4A3D00AAE194 /* AppDelegate.h */,
				AFBB1494285A4A3D00AAE194 /* AppDelegate.m */,
				AFBB1496285A4A3D00AAE194 /* SceneDelegate.h */,
				AFBB1497285A4A3D00AAE194 /* SceneDelegate.m */,
				AFBB1499285A4A3D00AAE194 /* ViewController.h */,
				AFBB149A285A4A3D00AAE194 /* ViewController.m */,
				AFBB149C285A4A3D00AAE194 /* Main.storyboard */,
				AFBB149F285A4A3E00AAE194 /* Assets.xcassets */,
				AFBB14A1285A4A3E00AAE194 /* LaunchScreen.storyboard */,
				AFBB14A4285A4A3E00AAE194 /* Info.plist */,
				AFBB14A5285A4A3E00AAE194 /* main.m */,
			);
			path = Flixter;
			sourceTree = "<group>";
		};
		AFBB14AE285A4A3F00AAE194 /* FlixterTests */ = {
			isa = PBXGroup;
			children = (
				AFBB14AF285A4A3F00AAE194 /* FlixterTests.m */,
			);
			path = FlixterTests;
			sourceTree = "<group>";
		};
		AFBB14B8285A4A3F00AAE194 /* FlixterUITests */ = {
			isa = PBXGroup;
			children = (
				AFBB14B9285A4A3F00AAE194 /* FlixterUITests.m */,
				AFBB14BB285A4A3F00AAE194 /* FlixterUITestsLaunchTests.m */,
			);
			path = FlixterUITests;
			sourceTree = "<group>";
		};
/* End PBXGroup section */

/* Begin PBXNativeTarget section */
		AFBB148F285A4A3D00AAE194 /* Flixter */ = {
			isa = PBXNativeTarget;
			buildConfigurationList = AFBB14BF285A4A3F00AAE194 /* Build configuration list for PBXNativeTarget "Flixter" */;
			buildPhases = (
				AFBB148C285A4A3D00AAE194 /* Sources */,
				AFBB148D285A4A3D00AAE194 /* Frameworks */,
				AFBB148E285A4A3D00AAE194 /* Resources */,
			);
			buildRules = (
			);
			dependencies = (
			);
			name = Flixter;
			productName = Flixter;
			productReference = AFBB1490285A4A3D00AAE194 /* Flixter.app */;
			productType = "com.apple.product-type.application";
		};
		AFBB14AA285A4A3F00AAE194 /* FlixterTests */ = {
			isa = PBXNativeTarget;
			buildConfigurationList = AFBB14C2285A4A3F00AAE194 /* Build configuration list for PBXNativeTarget "FlixterTests" */;
			buildPhases = (
				AFBB14A7285A4A3F00AAE194 /* Sources */,
				AFBB14A8285A4A3F00AAE194 /* Frameworks */,
				AFBB14A9285A4A3F00AAE194 /* Resources */,
			);
			buildRules = (
			);
			dependencies = (
				AFBB14AD285A4A3F00AAE194 /* PBXTargetDependency */,
			);
			name = FlixterTests;
			productName = FlixterTests;
			productReference = AFBB14AB285A4A3F00AAE194 /* FlixterTests.xctest */;
			productType = "com.apple.product-type.bundle.unit-test";
		};
		AFBB14B4285A4A3F00AAE194 /* FlixterUITests */ = {
			isa = PBXNativeTarget;
			buildConfigurationList = AFBB14C5285A4A3F00AAE194 /* Build configuration list for PBXNativeTarget "FlixterUITests" */;
			buildPhases = (
				AFBB14B1285A4A3F00AAE194 /* Sources */,
				AFBB14B2285A4A3F00AAE194 /* Frameworks */,
				AFBB14B3285A4A3F00AAE194 /* Resources */,
			);
			buildRules = (
			);
			dependencies = (
				AFBB14B7285A4A3F00AAE194 /* PBXTargetDependency */,
			);
			name = FlixterUITests;
			productName = FlixterUITests;
			productReference = AFBB14B5285A4A3F00AAE194 /* FlixterUITests.xctest */;
			productType = "com.apple.product-type.bundle.ui-testing";
		};
/* End PBXNativeTarget section */

/* Begin PBXProject section */
		AFBB1488285A4A3D00AAE194 /* Project object */ = {
			isa = PBXProject;
			attributes = {
				BuildIndependentTargetsInParallel = 1;
				LastUpgradeCheck = 1340;
				TargetAttributes = {
					AFBB148F285A4A3D00AAE194 = {
						CreatedOnToolsVersion = 13.4;
					};
					AFBB14AA285A4A3F00AAE194 = {
						CreatedOnToolsVersion = 13.4;
						TestTargetID = AFBB148F285A4A3D00AAE194;
					};
					AFBB14B4285A4A3F00AAE194 = {
						CreatedOnToolsVersion = 13.4;
						TestTargetID = AFBB148F285A4A3D00AAE194;
					};
				};
			};
			buildConfigurationList = AFBB148B285A4A3D00AAE194 /* Build configuration list for PBXProject "Flixter" */;
			compatibilityVersion = "Xcode 13.0";
			developmentRegion = en;
			hasScannedForEncodings = 0;
			knownRegions = (
				en,
				Base,
			);
			mainGroup = AFBB1487285A4A3D00AAE194;
			productRefGroup = AFBB1491285A4A3D00AAE194 /* Products */;
			projectDirPath = "";
			projectRoot = "";
			targets = (
				AFBB148F285A4A3D00AAE194 /* Flixter */,
				AFBB14AA285A4A3F00AAE194 /* FlixterTests */,
				AFBB14B4285A4A3F00AAE194 /* FlixterUITests */,
			);
		};
/* End PBXProject section */

/* Begin PBXResourcesBuildPhase section */
		AFBB148E285A4A3D00AAE194 /* Resources */ = {
			isa = PBXResourcesBuildPhase;
			buildActionMask = 2147483647;
			files = (
				AFBB14A3285A4A3E00AAE194 /* LaunchScreen.storyboard in Resources */,
				AFBB14A0285A4A3E00AAE194 /* Assets.xcassets in Resources */,
				AFBB149E285A4A3D00AAE194 /* Main.storyboard in Resources */,
			);
			runOnlyForDeploymentPostprocessing = 0;
		};
		AFBB14A9285A4A3F00AAE194 /* Resources */ = {
			isa = PBXResourcesBuildPhase;
			buildActionMask = 2147483647;
			files = (
			);
			runOnlyForDeploymentPostprocessing = 0;
		};
		AFBB14B3285A4A3F00AAE194 /* Resources */ = {
			isa = PBXResourcesBuildPhase;
			buildActionMask = 2147483647;
			files = (
			);
			runOnlyForDeploymentPostprocessing = 0;
		};
/* End PBXResourcesBuildPhase section */

/* Begin PBXSourcesBuildPhase section */
		AFBB148C285A4A3D00AAE194 /* Sources */ = {
			isa = PBXSourcesBuildPhase;
			buildActionMask = 2147483647;
			files = (
				AFBB149B285A4A3D00AAE194 /* ViewController.m in Sources */,
				AFBB1495285A4A3D00AAE194 /* AppDelegate.m in Sources */,
				AFBB14A6285A4A3E00AAE194 /* main.m in Sources */,
				AFBB1498285A4A3D00AAE194 /* SceneDelegate.m in Sources */,
			);
			runOnlyForDeploymentPostprocessing = 0;
		};
		AFBB14A7285A4A3F00AAE194 /* Sources */ = {
			isa = PBXSourcesBuildPhase;
			buildActionMask = 2147483647;
			files = (
				AFBB14B0285A4A3F00AAE194 /* FlixterTests.m in Sources */,
			);
			runOnlyForDeploymentPostprocessing = 0;
		};
		AFBB14B1285A4A3F00AAE194 /* Sources */ = {
			isa = PBXSourcesBuildPhase;
			buildActionMask = 2147483647;
			files = (
				AFBB14BA285A4A3F00AAE194 /* FlixterUITests.m in Sources */,
				AFBB14BC285A4A3F00AAE194 /* FlixterUITestsLaunchTests.m in Sources */,
			);
			runOnlyForDeploymentPostprocessing = 0;
		};
/* End PBXSourcesBuildPhase section */

/* Begin PBXTargetDependency section */
		AFBB14AD285A4A3F00AAE194 /* PBXTargetDependency */ = {
			isa = PBXTargetDependency;
			target = AFBB148F285A4A3D00AAE194 /* Flixter */;
			targetProxy = AFBB14AC285A4A3F00AAE194 /* PBXContainerItemProxy */;
		};
		AFBB14B7285A4A3F00AAE194 /* PBXTargetDependency */ = {
			isa = PBXTargetDependency;
			target = AFBB148F285A4A3D00AAE194 /* Flixter */;
			targetProxy = AFBB14B6285A4A3F00AAE194 /* PBXContainerItemProxy */;
		};
/* End PBXTargetDependency section */

/* Begin PBXVariantGroup section */
		AFBB149C285A4A3D00AAE194 /* Main.storyboard */ = {
			isa = PBXVariantGroup;
			children = (
				AFBB149D285A4A3D00AAE194 /* Base */,
			);
			name = Main.storyboard;
			sourceTree = "<group>";
		};
		AFBB14A1285A4A3E00AAE194 /* LaunchScreen.storyboard */ = {
			isa = PBXVariantGroup;
			children = (
				AFBB14A2285A4A3E00AAE194 /* Base */,
			);
			name = LaunchScreen.storyboard;
			sourceTree = "<group>";
		};
/* End PBXVariantGroup section */

/* Begin XCBuildConfiguration section */
		AFBB14BD285A4A3F00AAE194 /* Debug */ = {
			isa = XCBuildConfiguration;
			buildSettings = {
				ALWAYS_SEARCH_USER_PATHS = NO;
				CLANG_ANALYZER_NONNULL = YES;
				CLANG_ANALYZER_NUMBER_OBJECT_CONVERSION = YES_AGGRESSIVE;
				CLANG_CXX_LANGUAGE_STANDARD = "gnu++17";
				CLANG_ENABLE_MODULES = YES;
				CLANG_ENABLE_OBJC_ARC = YES;
				CLANG_ENABLE_OBJC_WEAK = YES;
				CLANG_WARN_BLOCK_CAPTURE_AUTORELEASING = YES;
				CLANG_WARN_BOOL_CONVERSION = YES;
				CLANG_WARN_COMMA = YES;
				CLANG_WARN_CONSTANT_CONVERSION = YES;
				CLANG_WARN_DEPRECATED_OBJC_IMPLEMENTATIONS = YES;
				CLANG_WARN_DIRECT_OBJC_ISA_USAGE = YES_ERROR;
				CLANG_WARN_DOCUMENTATION_COMMENTS = YES;
				CLANG_WARN_EMPTY_BODY = YES;
				CLANG_WARN_ENUM_CONVERSION = YES;
				CLANG_WARN_INFINITE_RECURSION = YES;
				CLANG_WARN_INT_CONVERSION = YES;
				CLANG_WARN_NON_LITERAL_NULL_CONVERSION = YES;
				CLANG_WARN_OBJC_IMPLICIT_RETAIN_SELF = YES;
				CLANG_WARN_OBJC_LITERAL_CONVERSION = YES;
				CLANG_WARN_OBJC_ROOT_CLASS = YES_ERROR;
				CLANG_WARN_QUOTED_INCLUDE_IN_FRAMEWORK_HEADER = YES;
				CLANG_WARN_RANGE_LOOP_ANALYSIS = YES;
				CLANG_WARN_STRICT_PROTOTYPES = YES;
				CLANG_WARN_SUSPICIOUS_MOVE = YES;
				CLANG_WARN_UNGUARDED_AVAILABILITY = YES_AGGRESSIVE;
				CLANG_WARN_UNREACHABLE_CODE = YES;
				CLANG_WARN__DUPLICATE_METHOD_MATCH = YES;
				COPY_PHASE_STRIP = NO;
				DEBUG_INFORMATION_FORMAT = dwarf;
				ENABLE_STRICT_OBJC_MSGSEND = YES;
				ENABLE_TESTABILITY = YES;
				GCC_C_LANGUAGE_STANDARD = gnu11;
				GCC_DYNAMIC_NO_PIC = NO;
				GCC_NO_COMMON_BLOCKS = YES;
				GCC_OPTIMIZATION_LEVEL = 0;
				GCC_PREPROCESSOR_DEFINITIONS = (
					"DEBUG=1",
					"$(inherited)",
				);
				GCC_WARN_64_TO_32_BIT_CONVERSION = YES;
				GCC_WARN_ABOUT_RETURN_TYPE = YES_ERROR;
				GCC_WARN_UNDECLARED_SELECTOR = YES;
				GCC_WARN_UNINITIALIZED_AUTOS = YES_AGGRESSIVE;
				GCC_WARN_UNUSED_FUNCTION = YES;
				GCC_WARN_UNUSED_VARIABLE = YES;
				IPHONEOS_DEPLOYMENT_TARGET = 15.5;
				MTL_ENABLE_DEBUG_INFO = INCLUDE_SOURCE;
				MTL_FAST_MATH = YES;
				ONLY_ACTIVE_ARCH = YES;
				SDKROOT = iphoneos;
			};
			name = Debug;
		};
		AFBB14BE285A4A3F00AAE194 /* Release */ = {
			isa = XCBuildConfiguration;
			buildSettings = {
				ALWAYS_SEARCH_USER_PATHS = NO;
				CLANG_ANALYZER_NONNULL = YES;
				CLANG_ANALYZER_NUMBER_OBJECT_CONVERSION = YES_AGGRESSIVE;
				CLANG_CXX_LANGUAGE_STANDARD = "gnu++17";
				CLANG_ENABLE_MODULES = YES;
				CLANG_ENABLE_OBJC_ARC = YES;
				CLANG_ENABLE_OBJC_WEAK = YES;
				CLANG_WARN_BLOCK_CAPTURE_AUTORELEASING = YES;
				CLANG_WARN_BOOL_CONVERSION = YES;
				CLANG_WARN_COMMA = YES;
				CLANG_WARN_CONSTANT_CONVERSION = YES;
				CLANG_WARN_DEPRECATED_OBJC_IMPLEMENTATIONS = YES;
				CLANG_WARN_DIRECT_OBJC_ISA_USAGE = YES_ERROR;
				CLANG_WARN_DOCUMENTATION_COMMENTS = YES;
				CLANG_WARN_EMPTY_BODY = YES;
				CLANG_WARN_ENUM_CONVERSION = YES;
				CLANG_WARN_INFINITE_RECURSION = YES;
				CLANG_WARN_INT_CONVERSION = YES;
				CLANG_WARN_NON_LITERAL_NULL_CONVERSION = YES;
				CLANG_WARN_OBJC_IMPLICIT_RETAIN_SELF = YES;
				CLANG_WARN_OBJC_LITERAL_CONVERSION = YES;
				CLANG_WARN_OBJC_ROOT_CLASS = YES_ERROR;
				CLANG_WARN_QUOTED_INCLUDE_IN_FRAMEWORK_HEADER = YES;
				CLANG_WARN_RANGE_LOOP_ANALYSIS = YES;
				CLANG_WARN_STRICT_PROTOTYPES = YES;
				CLANG_WARN_SUSPICIOUS_MOVE = YES;
				CLANG_WARN_UNGUARDED_AVAILABILITY = YES_AGGRESSIVE;
				CLANG_WARN_UNREACHABLE_CODE = YES;
				CLANG_WARN__DUPLICATE_METHOD_MATCH = YES;
				COPY_PHASE_STRIP = NO;
				DEBUG_INFORMATION_FORMAT = "dwarf-with-dsym";
				ENABLE_NS_ASSERTIONS = NO;
				ENABLE_STRICT_OBJC_MSGSEND = YES;
				GCC_C_LANGUAGE_STANDARD = gnu11;
				GCC_NO_COMMON_BLOCKS = YES;
				GCC_WARN_64_TO_32_BIT_CONVERSION = YES;
				GCC_WARN_ABOUT_RETURN_TYPE = YES_ERROR;
				GCC_WARN_UNDECLARED_SELECTOR = YES;
				GCC_WARN_UNINITIALIZED_AUTOS = YES_AGGRESSIVE;
				GCC_WARN_UNUSED_FUNCTION = YES;
				GCC_WARN_UNUSED_VARIABLE = YES;
				IPHONEOS_DEPLOYMENT_TARGET = 15.5;
				MTL_ENABLE_DEBUG_INFO = NO;
				MTL_FAST_MATH = YES;
				SDKROOT = iphoneos;
				VALIDATE_PRODUCT = YES;
			};
			name = Release;
		};
		AFBB14C0285A4A3F00AAE194 /* Debug */ = {
			isa = XCBuildConfiguration;
			buildSettings = {
				ASSETCATALOG_COMPILER_APPICON_NAME = AppIcon;
				ASSETCATALOG_COMPILER_GLOBAL_ACCENT_COLOR_NAME = AccentColor;
				CODE_SIGN_STYLE = Automatic;
				CURRENT_PROJECT_VERSION = 1;
				DEVELOPMENT_TEAM = YL99LW4L8S;
				GENERATE_INFOPLIST_FILE = YES;
				INFOPLIST_FILE = Flixter/Info.plist;
				INFOPLIST_KEY_UIApplicationSupportsIndirectInputEvents = YES;
				INFOPLIST_KEY_UILaunchStoryboardName = LaunchScreen;
				INFOPLIST_KEY_UIMainStoryboardFile = Main;
				INFOPLIST_KEY_UISupportedInterfaceOrientations_iPad = "UIInterfaceOrientationPortrait UIInterfaceOrientationPortraitUpsideDown UIInterfaceOrientationLandscapeLeft UIInterfaceOrientationLandscapeRight";
				INFOPLIST_KEY_UISupportedInterfaceOrientations_iPhone = "UIInterfaceOrientationPortrait UIInterfaceOrientationLandscapeLeft UIInterfaceOrientationLandscapeRight";
				LD_RUNPATH_SEARCH_PATHS = (
					"$(inherited)",
					"@executable_path/Frameworks",
				);
				MARKETING_VERSION = 1.0;
				PRODUCT_BUNDLE_IDENTIFIER = com.eyeray.Flixter;
				PRODUCT_NAME = "$(TARGET_NAME)";
				SWIFT_EMIT_LOC_STRINGS = YES;
				TARGETED_DEVICE_FAMILY = "1,2";
			};
			name = Debug;
		};
		AFBB14C1285A4A3F00AAE194 /* Release */ = {
			isa = XCBuildConfiguration;
			buildSettings = {
				ASSETCATALOG_COMPILER_APPICON_NAME = AppIcon;
				ASSETCATALOG_COMPILER_GLOBAL_ACCENT_COLOR_NAME = AccentColor;
				CODE_SIGN_STYLE = Automatic;
				CURRENT_PROJECT_VERSION = 1;
				DEVELOPMENT_TEAM = YL99LW4L8S;
				GENERATE_INFOPLIST_FILE = YES;
				INFOPLIST_FILE = Flixter/Info.plist;
				INFOPLIST_KEY_UIApplicationSupportsIndirectInputEvents = YES;
				INFOPLIST_KEY_UILaunchStoryboardName = LaunchScreen;
				INFOPLIST_KEY_UIMainStoryboardFile = Main;
				INFOPLIST_KEY_UISupportedInterfaceOrientations_iPad = "UIInterfaceOrientationPortrait UIInterfaceOrientationPortraitUpsideDown UIInterfaceOrientationLandscapeLeft UIInterfaceOrientationLandscapeRight";
				INFOPLIST_KEY_UISupportedInterfaceOrientations_iPhone = "UIInterfaceOrientationPortrait UIInterfaceOrientationLandscapeLeft UIInterfaceOrientationLandscapeRight";
				LD_RUNPATH_SEARCH_PATHS = (
					"$(inherited)",
					"@executable_path/Frameworks",
				);
				MARKETING_VERSION = 1.0;
				PRODUCT_BUNDLE_IDENTIFIER = com.eyeray.Flixter;
				PRODUCT_NAME = "$(TARGET_NAME)";
				SWIFT_EMIT_LOC_STRINGS = YES;
				TARGETED_DEVICE_FAMILY = "1,2";
			};
			name = Release;
		};
		AFBB14C3285A4A3F00AAE194 /* Debug */ = {
			isa = XCBuildConfiguration;
			buildSettings = {
				BUNDLE_LOADER = "$(TEST_HOST)";
				CODE_SIGN_STYLE = Automatic;
				CURRENT_PROJECT_VERSION = 1;
				DEVELOPMENT_TEAM = YL99LW4L8S;
				GENERATE_INFOPLIST_FILE = YES;
				IPHONEOS_DEPLOYMENT_TARGET = 15.5;
				MARKETING_VERSION = 1.0;
				PRODUCT_BUNDLE_IDENTIFIER = com.eyeray.FlixterTests;
				PRODUCT_NAME = "$(TARGET_NAME)";
				SWIFT_EMIT_LOC_STRINGS = NO;
				TARGETED_DEVICE_FAMILY = "1,2";
				TEST_HOST = "$(BUILT_PRODUCTS_DIR)/Flixter.app/Flixter";
			};
			name = Debug;
		};
		AFBB14C4285A4A3F00AAE194 /* Release */ = {
			isa = XCBuildConfiguration;
			buildSettings = {
				BUNDLE_LOADER = "$(TEST_HOST)";
				CODE_SIGN_STYLE = Automatic;
				CURRENT_PROJECT_VERSION = 1;
				DEVELOPMENT_TEAM = YL99LW4L8S;
				GENERATE_INFOPLIST_FILE = YES;
				IPHONEOS_DEPLOYMENT_TARGET = 15.5;
				MARKETING_VERSION = 1.0;
				PRODUCT_BUNDLE_IDENTIFIER = com.eyeray.FlixterTests;
				PRODUCT_NAME = "$(TARGET_NAME)";
				SWIFT_EMIT_LOC_STRINGS = NO;
				TARGETED_DEVICE_FAMILY = "1,2";
				TEST_HOST = "$(BUILT_PRODUCTS_DIR)/Flixter.app/Flixter";
			};
			name = Release;
		};
		AFBB14C6285A4A3F00AAE194 /* Debug */ = {
			isa = XCBuildConfiguration;
			buildSettings = {
				CODE_SIGN_STYLE = Automatic;
				CURRENT_PROJECT_VERSION = 1;
				DEVELOPMENT_TEAM = YL99LW4L8S;
				GENERATE_INFOPLIST_FILE = YES;
				MARKETING_VERSION = 1.0;
				PRODUCT_BUNDLE_IDENTIFIER = com.eyeray.FlixterUITests;
				PRODUCT_NAME = "$(TARGET_NAME)";
				SWIFT_EMIT_LOC_STRINGS = NO;
				TARGETED_DEVICE_FAMILY = "1,2";
				TEST_TARGET_NAME = Flixter;
			};
			name = Debug;
		};
		AFBB14C7285A4A3F00AAE194 /* Release */ = {
			isa = XCBuildConfiguration;
			buildSettings = {
				CODE_SIGN_STYLE = Automatic;
				CURRENT_PROJECT_VERSION = 1;
				DEVELOPMENT_TEAM = YL99LW4L8S;
				GENERATE_INFOPLIST_FILE = YES;
				MARKETING_VERSION = 1.0;
				PRODUCT_BUNDLE_IDENTIFIER = com.eyeray.FlixterUITests;
				PRODUCT_NAME = "$(TARGET_NAME)";
				SWIFT_EMIT_LOC_STRINGS = NO;
				TARGETED_DEVICE_FAMILY = "1,2";
				TEST_TARGET_NAME = Flixter;
			};
			name = Release;
		};
/* End XCBuildConfiguration section */

/* Begin XCConfigurationList section */
		AFBB148B285A4A3D00AAE194 /* Build configuration list for PBXProject "Flixter" */ = {
			isa = XCConfigurationList;
			buildConfigurations = (
				AFBB14BD285A4A3F00AAE194 /* Debug */,
				AFBB14BE285A4A3F00AAE194 /* Release */,
			);
			defaultConfigurationIsVisible = 0;
			defaultConfigurationName = Release;
		};
		AFBB14BF285A4A3F00AAE194 /* Build configuration list for PBXNativeTarget "Flixter" */ = {
			isa = XCConfigurationList;
			buildConfigurations = (
				AFBB14C0285A4A3F00AAE194 /* Debug */,
				AFBB14C1285A4A3F00AAE194 /* Release */,
			);
			defaultConfigurationIsVisible = 0;
			defaultConfigurationName = Release;
		};
		AFBB14C2285A4A3F00AAE194 /* Build configuration list for PBXNativeTarget "FlixterTests" */ = {
			isa = XCConfigurationList;
			buildConfigurations = (
				AFBB14C3285A4A3F00AAE194 /* Debug */,
				AFBB14C4285A4A3F00AAE194 /* Release */,
			);
			defaultConfigurationIsVisible = 0;
			defaultConfigurationName = Release;
		};
		AFBB14C5285A4A3F00AAE194 /* Build configuration list for PBXNativeTarget "FlixterUITests" */ = {
			isa = XCConfigurationList;
			buildConfigurations = (
				AFBB14C6285A4A3F00AAE194 /* Debug */,
				AFBB14C7285A4A3F00AAE194 /* Release */,
			);
			defaultConfigurationIsVisible = 0;
			defaultConfigurationName = Release;
		};
/* End XCConfigurationList section */
	};
	rootObject = AFBB1488285A4A3D00AAE194 /* Project object */;
}
